
Microsoft Visual Studio Solution File, Format Version 12.00
# Visual Studio Version 17
VisualStudioVersion = 17.14.36127.28 d17.14
MinimumVisualStudioVersion = 10.0.40219.1
Project("{FAE04EC0-301F-11D3-BF4B-00C04F79EFBC}") = "LiveCharts", "LiveCharts\LiveCharts.csproj", "{2F80FEB2-9DA7-40E6-9A2E-C4439E4082EE}"
EndProject
Project("{FAE04EC0-301F-11D3-BF4B-00C04F79EFBC}") = "SalesLibrary", "SalesLibrary\SalesLibrary.csproj", "{23457776-163B-4CF4-9D80-B2A44C1B0D6E}"
EndProject
Global
	GlobalSection(SolutionConfigurationPlatforms) = preSolution
		Debug|Any CPU = Debug|Any CPU
		Release|Any CPU = Release|Any CPU
	EndGlobalSection
	GlobalSection(ProjectConfigurationPlatforms) = postSolution
		{2F80FEB2-9DA7-40E6-9A2E-C4439E4082EE}.Debug|Any CPU.ActiveCfg = Debug|Any CPU
		{2F80FEB2-9DA7-40E6-9A2E-C4439E4082EE}.Debug|Any CPU.Build.0 = Debug|Any CPU
		{2F80FEB2-9DA7-40E6-9A2E-C4439E4082EE}.Release|Any CPU.ActiveCfg = Release|Any CPU
		{2F80FEB2-9DA7-40E6-9A2E-C4439E4082EE}.Release|Any CPU.Build.0 = Release|Any CPU
		{23457776-163B-4CF4-9D80-B2A44C1B0D6E}.Debug|Any CPU.ActiveCfg = Debug|Any CPU
		{23457776-163B-4CF4-9D80-B2A44C1B0D6E}.Debug|Any CPU.Build.0 = Debug|Any CPU
		{23457776-163B-4CF4-9D80-B2A44C1B0D6E}.Release|Any CPU.ActiveCfg = Release|Any CPU
		{23457776-163B-4CF4-9D80-B2A44C1B0D6E}.Release|Any CPU.Build.0 = Release|Any CPU
	EndGlobalSection
	GlobalSection(SolutionProperties) = preSolution
		HideSolutionNode = FALSE
	EndGlobalSection
	GlobalSection(ExtensibilityGlobals) = postSolution
		SolutionGuid = {2AB6A7F6-5270-42A8-A8E7-4EC11F068D65}
	EndGlobalSection
EndGlobal
