
Microsoft Visual Studio Solution File, Format Version 12.00
# Visual Studio Version 17
VisualStudioVersion = 17.13.35818.85 d17.13
MinimumVisualStudioVersion = 10.0.40219.1
Project("{FAE04EC0-301F-11D3-BF4B-00C04F79EFBC}") = "LR2_NEW", "LR2_NEW\LR2_NEW.csproj", "{C00606F1-8DE0-4223-B994-EDEC051CE433}"
EndProject
Global
	GlobalSection(SolutionConfigurationPlatforms) = preSolution
		Debug|Any CPU = Debug|Any CPU
		Release|Any CPU = Release|Any CPU
	EndGlobalSection
	GlobalSection(ProjectConfigurationPlatforms) = postSolution
		{C00606F1-8DE0-4223-B994-EDEC051CE433}.Debug|Any CPU.ActiveCfg = Debug|Any CPU
		{C00606F1-8DE0-4223-B994-EDEC051CE433}.Debug|Any CPU.Build.0 = Debug|Any CPU
		{C00606F1-8DE0-4223-B994-EDEC051CE433}.Release|Any CPU.ActiveCfg = Release|Any CPU
		{C00606F1-8DE0-4223-B994-EDEC051CE433}.Release|Any CPU.Build.0 = Release|Any CPU
	EndGlobalSection
	GlobalSection(SolutionProperties) = preSolution
		HideSolutionNode = FALSE
	EndGlobalSection
	GlobalSection(ExtensibilityGlobals) = postSolution
		SolutionGuid = {7751E69C-286A-4763-9F91-5CDE917940CC}
	EndGlobalSection
EndGlobal
