
Microsoft Visual Studio Solution File, Format Version 12.00
# Visual Studio Version 17
VisualStudioVersion = 17.13.35825.156 d17.13
MinimumVisualStudioVersion = 10.0.40219.1
Project("{FAE04EC0-301F-11D3-BF4B-00C04F79EFBC}") = "unctions", "unctions\unctions.csproj", "{0504C3D2-EC0D-4C55-A163-30FAB92A0482}"
EndProject
Global
	GlobalSection(SolutionConfigurationPlatforms) = preSolution
		Debug|Any CPU = Debug|Any CPU
		Release|Any CPU = Release|Any CPU
	EndGlobalSection
	GlobalSection(ProjectConfigurationPlatforms) = postSolution
		{0504C3D2-EC0D-4C55-A163-30FAB92A0482}.Debug|Any CPU.ActiveCfg = Debug|Any CPU
		{0504C3D2-EC0D-4C55-A163-30FAB92A0482}.Debug|Any CPU.Build.0 = Debug|Any CPU
		{0504C3D2-EC0D-4C55-A163-30FAB92A0482}.Release|Any CPU.ActiveCfg = Release|Any CPU
		{0504C3D2-EC0D-4C55-A163-30FAB92A0482}.Release|Any CPU.Build.0 = Release|Any CPU
	EndGlobalSection
	GlobalSection(SolutionProperties) = preSolution
		HideSolutionNode = FALSE
	EndGlobalSection
	GlobalSection(ExtensibilityGlobals) = postSolution
		SolutionGuid = {551139E4-B038-4F52-891A-137D13FCAED3}
	EndGlobalSection
EndGlobal
