
Microsoft Visual Studio Solution File, Format Version 12.00
# Visual Studio Version 17
VisualStudioVersion = 17.13.35818.85 d17.13
MinimumVisualStudioVersion = 10.0.40219.1
Project("{FAE04EC0-301F-11D3-BF4B-00C04F79EFBC}") = "TestList", "TestList\TestList.csproj", "{716D1B14-A004-44F8-8790-F38C70796652}"
EndProject
Global
	GlobalSection(SolutionConfigurationPlatforms) = preSolution
		Debug|Any CPU = Debug|Any CPU
		Release|Any CPU = Release|Any CPU
	EndGlobalSection
	GlobalSection(ProjectConfigurationPlatforms) = postSolution
		{716D1B14-A004-44F8-8790-F38C70796652}.Debug|Any CPU.ActiveCfg = Debug|Any CPU
		{716D1B14-A004-44F8-8790-F38C70796652}.Debug|Any CPU.Build.0 = Debug|Any CPU
		{716D1B14-A004-44F8-8790-F38C70796652}.Release|Any CPU.ActiveCfg = Release|Any CPU
		{716D1B14-A004-44F8-8790-F38C70796652}.Release|Any CPU.Build.0 = Release|Any CPU
	EndGlobalSection
	GlobalSection(SolutionProperties) = preSolution
		HideSolutionNode = FALSE
	EndGlobalSection
	GlobalSection(ExtensibilityGlobals) = postSolution
		SolutionGuid = {B376D0A0-383C-4031-A238-C2793390C13A}
	EndGlobalSection
EndGlobal
